
Microsoft Visual Studio Solution File, Format Version 12.00
# Visual Studio Version 16
VisualStudioVersion = 16.0.32002.261
MinimumVisualStudioVersion = 10.0.40219.1
Project("{FAE04EC0-301F-11D3-BF4B-00C04F79EFBC}") = "Remove All Adjacent Duplicates In String", "Remove All Adjacent Duplicates In String\Remove All Adjacent Duplicates In String.csproj", "{94E687C7-ABEC-49EE-B7A2-A79FFAB2F865}"
EndProject
Global
	GlobalSection(SolutionConfigurationPlatforms) = preSolution
		Debug|Any CPU = Debug|Any CPU
		Release|Any CPU = Release|Any CPU
	EndGlobalSection
	GlobalSection(ProjectConfigurationPlatforms) = postSolution
		{94E687C7-ABEC-49EE-B7A2-A79FFAB2F865}.Debug|Any CPU.ActiveCfg = Debug|Any CPU
		{94E687C7-ABEC-49EE-B7A2-A79FFAB2F865}.Debug|Any CPU.Build.0 = Debug|Any CPU
		{94E687C7-ABEC-49EE-B7A2-A79FFAB2F865}.Release|Any CPU.ActiveCfg = Release|Any CPU
		{94E687C7-ABEC-49EE-B7A2-A79FFAB2F865}.Release|Any CPU.Build.0 = Release|Any CPU
	EndGlobalSection
	GlobalSection(SolutionProperties) = preSolution
		HideSolutionNode = FALSE
	EndGlobalSection
	GlobalSection(ExtensibilityGlobals) = postSolution
		SolutionGuid = {131CA682-B24F-4CF3-9998-B652E784FE33}
	EndGlobalSection
EndGlobal
